
Microsoft Visual Studio Solution File, Format Version 12.00
# Visual Studio Version 16
VisualStudioVersion = 16.0.29025.244
MinimumVisualStudioVersion = 10.0.40219.1
Project("{FAE04EC0-301F-11D3-BF4B-00C04F79EFBC}") = "WebAPI", "WebAPI\WebAPI.csproj", "{1AFB3CA0-7EA0-445A-BF5E-B59798EE174F}"
EndProject
Global
	GlobalSection(SolutionConfigurationPlatforms) = preSolution
		Debug|Any CPU = Debug|Any CPU
		Release|Any CPU = Release|Any CPU
	EndGlobalSection
	GlobalSection(ProjectConfigurationPlatforms) = postSolution
		{1AFB3CA0-7EA0-445A-BF5E-B59798EE174F}.Debug|Any CPU.ActiveCfg = Debug|Any CPU
		{1AFB3CA0-7EA0-445A-BF5E-B59798EE174F}.Debug|Any CPU.Build.0 = Debug|Any CPU
		{1AFB3CA0-7EA0-445A-BF5E-B59798EE174F}.Release|Any CPU.ActiveCfg = Release|Any CPU
		{1AFB3CA0-7EA0-445A-BF5E-B59798EE174F}.Release|Any CPU.Build.0 = Release|Any CPU
	EndGlobalSection
	GlobalSection(SolutionProperties) = preSolution
		HideSolutionNode = FALSE
	EndGlobalSection
	GlobalSection(ExtensibilityGlobals) = postSolution
		SolutionGuid = {C150204A-F6BE-476D-A706-E7A1E5D7E2B7}
	EndGlobalSection
EndGlobal
